
Microsoft Visual Studio Solution File, Format Version 12.00
# Visual Studio 14
VisualStudioVersion = 14.0.25420.1
MinimumVisualStudioVersion = 10.0.40219.1
Project("{2150E333-8FDC-42A3-9474-1A3956D46DE8}") = "mongo-csharp-driver-2.3.0-beta1", "mongo-csharp-driver-2.3.0-beta1", "{B95FFF49-583F-4D5A-A6FF-030D3D61C0C4}"
	ProjectSection(SolutionItems) = preProject
		mongo-csharp-driver-2.3.0-beta1\CSharpDriver.Dotnet.sln = mongo-csharp-driver-2.3.0-beta1\CSharpDriver.Dotnet.sln
	EndProjectSection
EndProject
Project("{8BB2217D-0F2D-49D1-97BC-3654ED321F3B}") = "MDRelation.Dal", "MDRelation.Dal\MDRelation.Dal.xproj", "{D4EF7197-9DB1-45BE-8068-95FCF18811FE}"
EndProject
Project("{8BB2217D-0F2D-49D1-97BC-3654ED321F3B}") = "MongoDB.Bson.Dotnet", "mongo-csharp-driver-2.3.0-beta1\src\MongoDB.Bson.Dotnet\MongoDB.Bson.Dotnet.xproj", "{8FBED623-BA2E-4279-B585-0ACE3AC7F754}"
EndProject
Project("{8BB2217D-0F2D-49D1-97BC-3654ED321F3B}") = "MongoDB.Driver.Core.Dotnet", "mongo-csharp-driver-2.3.0-beta1\src\MongoDB.Driver.Core.Dotnet\MongoDB.Driver.Core.Dotnet.xproj", "{5A517A0D-D809-490A-9FB9-61EC4457CC5C}"
EndProject
Project("{8BB2217D-0F2D-49D1-97BC-3654ED321F3B}") = "RelationWeb", "RelationWeb\RelationWeb.xproj", "{EBDEE9EF-427D-4D83-862B-BB47C50E7C9B}"
EndProject
Project("{8BB2217D-0F2D-49D1-97BC-3654ED321F3B}") = "MongoDB.Driver.Dotnet", "mongo-csharp-driver-2.3.0-beta1\src\MongoDB.Driver.Dotnet\MongoDB.Driver.Dotnet.xproj", "{98B177EC-39FA-4854-BB6A-55CB837767EE}"
EndProject
Project("{8BB2217D-0F2D-49D1-97BC-3654ED321F3B}") = "Relation.Entity", "Relation.Entity\Relation.Entity.xproj", "{F5B21E46-2CA8-4258-8808-4A96E0F5413C}"
EndProject
Project("{8BB2217D-0F2D-49D1-97BC-3654ED321F3B}") = "MD.Configuration", "MD.Configuration\MD.Configuration.xproj", "{A424B422-BF08-4926-A23B-CE03A6108D72}"
EndProject
Global
	GlobalSection(SolutionConfigurationPlatforms) = preSolution
		Debug|Any CPU = Debug|Any CPU
		Release|Any CPU = Release|Any CPU
	EndGlobalSection
	GlobalSection(ProjectConfigurationPlatforms) = postSolution
		{D4EF7197-9DB1-45BE-8068-95FCF18811FE}.Debug|Any CPU.ActiveCfg = Debug|Any CPU
		{D4EF7197-9DB1-45BE-8068-95FCF18811FE}.Debug|Any CPU.Build.0 = Debug|Any CPU
		{D4EF7197-9DB1-45BE-8068-95FCF18811FE}.Release|Any CPU.ActiveCfg = Release|Any CPU
		{D4EF7197-9DB1-45BE-8068-95FCF18811FE}.Release|Any CPU.Build.0 = Release|Any CPU
		{8FBED623-BA2E-4279-B585-0ACE3AC7F754}.Debug|Any CPU.ActiveCfg = Debug|Any CPU
		{8FBED623-BA2E-4279-B585-0ACE3AC7F754}.Debug|Any CPU.Build.0 = Debug|Any CPU
		{8FBED623-BA2E-4279-B585-0ACE3AC7F754}.Release|Any CPU.ActiveCfg = Release|Any CPU
		{8FBED623-BA2E-4279-B585-0ACE3AC7F754}.Release|Any CPU.Build.0 = Release|Any CPU
		{5A517A0D-D809-490A-9FB9-61EC4457CC5C}.Debug|Any CPU.ActiveCfg = Debug|Any CPU
		{5A517A0D-D809-490A-9FB9-61EC4457CC5C}.Debug|Any CPU.Build.0 = Debug|Any CPU
		{5A517A0D-D809-490A-9FB9-61EC4457CC5C}.Release|Any CPU.ActiveCfg = Release|Any CPU
		{5A517A0D-D809-490A-9FB9-61EC4457CC5C}.Release|Any CPU.Build.0 = Release|Any CPU
		{EBDEE9EF-427D-4D83-862B-BB47C50E7C9B}.Debug|Any CPU.ActiveCfg = Debug|Any CPU
		{EBDEE9EF-427D-4D83-862B-BB47C50E7C9B}.Debug|Any CPU.Build.0 = Debug|Any CPU
		{EBDEE9EF-427D-4D83-862B-BB47C50E7C9B}.Release|Any CPU.ActiveCfg = Release|Any CPU
		{EBDEE9EF-427D-4D83-862B-BB47C50E7C9B}.Release|Any CPU.Build.0 = Release|Any CPU
		{98B177EC-39FA-4854-BB6A-55CB837767EE}.Debug|Any CPU.ActiveCfg = Debug|Any CPU
		{98B177EC-39FA-4854-BB6A-55CB837767EE}.Debug|Any CPU.Build.0 = Debug|Any CPU
		{98B177EC-39FA-4854-BB6A-55CB837767EE}.Release|Any CPU.ActiveCfg = Release|Any CPU
		{98B177EC-39FA-4854-BB6A-55CB837767EE}.Release|Any CPU.Build.0 = Release|Any CPU
		{F5B21E46-2CA8-4258-8808-4A96E0F5413C}.Debug|Any CPU.ActiveCfg = Debug|Any CPU
		{F5B21E46-2CA8-4258-8808-4A96E0F5413C}.Debug|Any CPU.Build.0 = Debug|Any CPU
		{F5B21E46-2CA8-4258-8808-4A96E0F5413C}.Release|Any CPU.ActiveCfg = Release|Any CPU
		{F5B21E46-2CA8-4258-8808-4A96E0F5413C}.Release|Any CPU.Build.0 = Release|Any CPU
		{A424B422-BF08-4926-A23B-CE03A6108D72}.Debug|Any CPU.ActiveCfg = Debug|Any CPU
		{A424B422-BF08-4926-A23B-CE03A6108D72}.Debug|Any CPU.Build.0 = Debug|Any CPU
		{A424B422-BF08-4926-A23B-CE03A6108D72}.Release|Any CPU.ActiveCfg = Release|Any CPU
		{A424B422-BF08-4926-A23B-CE03A6108D72}.Release|Any CPU.Build.0 = Release|Any CPU
	EndGlobalSection
	GlobalSection(SolutionProperties) = preSolution
		HideSolutionNode = FALSE
	EndGlobalSection
	GlobalSection(NestedProjects) = preSolution
		{8FBED623-BA2E-4279-B585-0ACE3AC7F754} = {B95FFF49-583F-4D5A-A6FF-030D3D61C0C4}
		{5A517A0D-D809-490A-9FB9-61EC4457CC5C} = {B95FFF49-583F-4D5A-A6FF-030D3D61C0C4}
		{98B177EC-39FA-4854-BB6A-55CB837767EE} = {B95FFF49-583F-4D5A-A6FF-030D3D61C0C4}
	EndGlobalSection
EndGlobal
